
Microsoft Visual Studio Solution File, Format Version 12.00
# Visual Studio Version 16
VisualStudioVersion = 16.0.32126.315
MinimumVisualStudioVersion = 10.0.40219.1
Project("{FAE04EC0-301F-11D3-BF4B-00C04F79EFBC}") = "FloraEducationAPI", "FloraEducationAPI\FloraEducationAPI.csproj", "{29B15631-A1F7-455E-9E76-D418870658C5}"
EndProject
Global
	GlobalSection(SolutionConfigurationPlatforms) = preSolution
		Debug|Any CPU = Debug|Any CPU
		Release|Any CPU = Release|Any CPU
	EndGlobalSection
	GlobalSection(ProjectConfigurationPlatforms) = postSolution
		{29B15631-A1F7-455E-9E76-D418870658C5}.Debug|Any CPU.ActiveCfg = Debug|Any CPU
		{29B15631-A1F7-455E-9E76-D418870658C5}.Debug|Any CPU.Build.0 = Debug|Any CPU
		{29B15631-A1F7-455E-9E76-D418870658C5}.Release|Any CPU.ActiveCfg = Release|Any CPU
		{29B15631-A1F7-455E-9E76-D418870658C5}.Release|Any CPU.Build.0 = Release|Any CPU
	EndGlobalSection
	GlobalSection(SolutionProperties) = preSolution
		HideSolutionNode = FALSE
	EndGlobalSection
	GlobalSection(ExtensibilityGlobals) = postSolution
		SolutionGuid = {001200D8-DD50-4CF8-960E-C2692717B1B3}
	EndGlobalSection
EndGlobal
